<Solution>
  <Configurations>
    <Platform Name="x64" />
    <Platform Name="x86" />
  </Configurations>
  <Project Path="260426_basicKnowledge/260426_basicKnowledge.vcxproj" Id="f2da4db9-df8f-42c8-8235-4839a3ac2945" />
  <Project Path="260426_Datastructure/260426_Datastructure.vcxproj" Id="43b65f57-c69d-4741-842c-6aa9a7f9baaa" />
  <Project Path="260426_LinkedList/260426_LinkedList.vcxproj" Id="6e860cd4-5e45-4943-af97-1b41a8cfad71" />
  <Project Path="260428_LinkedList_AddNode/260428_LinkedList_AddNode.vcxproj" Id="86ba4b9d-2f53-4fa3-b6b9-f9b804559592" />
  <Project Path="260503_DummyHead_ArchitectureImprove/260503_DummyHead_ArchitectureImprove.vcxproj" Id="b11cd130-1481-4a7c-9042-aa9b875f0c9d" />
  <Project Path="retry/retry.vcxproj" Id="f24ee7fe-ac38-4ce0-9676-3cea47a04343" />
  <Project Path="retry2/retry2.vcxproj" Id="ec551e79-a852-42dd-85dd-af285f0bc148" />
</Solution>
